
Microsoft Visual Studio Solution File, Format Version 12.00
# Visual Studio Version 17
VisualStudioVersion = 17.0.31903.59
MinimumVisualStudioVersion = 10.0.40219.1
Project("{2150E333-8FDC-42A3-9474-1A3956D46DE8}") = "src", "src", "{827E0CD3-B72D-47B6-A68D-7590B98EB39B}"
EndProject
Project("{FAE04EC0-301F-11D3-BF4B-00C04F79EFBC}") = "AppHost", "src\AppHost\AppHost.csproj", "{7F6ED814-8437-4603-8673-E1FC8DF957C0}"
EndProject
Project("{FAE04EC0-301F-11D3-BF4B-00C04F79EFBC}") = "Api", "src\Api\Api.csproj", "{38D04731-0E59-46DE-AA37-EEF83B6E44A9}"
EndProject
Project("{FAE04EC0-301F-11D3-BF4B-00C04F79EFBC}") = "ServiceDefaults", "src\ServiceDefaults\ServiceDefaults.csproj", "{3C9C1BA4-5444-4940-9BF8-869E06EDC215}"
EndProject
Project("{2150E333-8FDC-42A3-9474-1A3956D46DE8}") = "tests", "tests", "{0AB3BF05-4346-4AA6-1389-037BE0695223}"
EndProject
Project("{FAE04EC0-301F-11D3-BF4B-00C04F79EFBC}") = "Api.Tests", "tests\Api.Tests\Api.Tests.csproj", "{DA63445D-47B2-4193-BE69-797B0546950B}"
EndProject
Project("{FAE04EC0-301F-11D3-BF4B-00C04F79EFBC}") = "ReviewCli", "src\ReviewCli\ReviewCli.csproj", "{963F0FFC-0FFA-4500-BA96-0CC89D2828EC}"
EndProject
Global
	GlobalSection(SolutionConfigurationPlatforms) = preSolution
		Debug|Any CPU = Debug|Any CPU
		Debug|x64 = Debug|x64
		Debug|x86 = Debug|x86
		Release|Any CPU = Release|Any CPU
		Release|x64 = Release|x64
		Release|x86 = Release|x86
	EndGlobalSection
	GlobalSection(ProjectConfigurationPlatforms) = postSolution
		{7F6ED814-8437-4603-8673-E1FC8DF957C0}.Debug|Any CPU.ActiveCfg = Debug|Any CPU
		{7F6ED814-8437-4603-8673-E1FC8DF957C0}.Debug|Any CPU.Build.0 = Debug|Any CPU
		{7F6ED814-8437-4603-8673-E1FC8DF957C0}.Debug|x64.ActiveCfg = Debug|Any CPU
		{7F6ED814-8437-4603-8673-E1FC8DF957C0}.Debug|x64.Build.0 = Debug|Any CPU
		{7F6ED814-8437-4603-8673-E1FC8DF957C0}.Debug|x86.ActiveCfg = Debug|Any CPU
		{7F6ED814-8437-4603-8673-E1FC8DF957C0}.Debug|x86.Build.0 = Debug|Any CPU
		{7F6ED814-8437-4603-8673-E1FC8DF957C0}.Release|Any CPU.ActiveCfg = Release|Any CPU
		{7F6ED814-8437-4603-8673-E1FC8DF957C0}.Release|Any CPU.Build.0 = Release|Any CPU
		{7F6ED814-8437-4603-8673-E1FC8DF957C0}.Release|x64.ActiveCfg = Release|Any CPU
		{7F6ED814-8437-4603-8673-E1FC8DF957C0}.Release|x64.Build.0 = Release|Any CPU
		{7F6ED814-8437-4603-8673-E1FC8DF957C0}.Release|x86.ActiveCfg = Release|Any CPU
		{7F6ED814-8437-4603-8673-E1FC8DF957C0}.Release|x86.Build.0 = Release|Any CPU
		{38D04731-0E59-46DE-AA37-EEF83B6E44A9}.Debug|Any CPU.ActiveCfg = Debug|Any CPU
		{38D04731-0E59-46DE-AA37-EEF83B6E44A9}.Debug|Any CPU.Build.0 = Debug|Any CPU
		{38D04731-0E59-46DE-AA37-EEF83B6E44A9}.Debug|x64.ActiveCfg = Debug|Any CPU
		{38D04731-0E59-46DE-AA37-EEF83B6E44A9}.Debug|x64.Build.0 = Debug|Any CPU
		{38D04731-0E59-46DE-AA37-EEF83B6E44A9}.Debug|x86.ActiveCfg = Debug|Any CPU
		{38D04731-0E59-46DE-AA37-EEF83B6E44A9}.Debug|x86.Build.0 = Debug|Any CPU
		{38D04731-0E59-46DE-AA37-EEF83B6E44A9}.Release|Any CPU.ActiveCfg = Release|Any CPU
		{38D04731-0E59-46DE-AA37-EEF83B6E44A9}.Release|Any CPU.Build.0 = Release|Any CPU
		{38D04731-0E59-46DE-AA37-EEF83B6E44A9}.Release|x64.ActiveCfg = Release|Any CPU
		{38D04731-0E59-46DE-AA37-EEF83B6E44A9}.Release|x64.Build.0 = Release|Any CPU
		{38D04731-0E59-46DE-AA37-EEF83B6E44A9}.Release|x86.ActiveCfg = Release|Any CPU
		{38D04731-0E59-46DE-AA37-EEF83B6E44A9}.Release|x86.Build.0 = Release|Any CPU
		{3C9C1BA4-5444-4940-9BF8-869E06EDC215}.Debug|Any CPU.ActiveCfg = Debug|Any CPU
		{3C9C1BA4-5444-4940-9BF8-869E06EDC215}.Debug|Any CPU.Build.0 = Debug|Any CPU
		{3C9C1BA4-5444-4940-9BF8-869E06EDC215}.Debug|x64.ActiveCfg = Debug|Any CPU
		{3C9C1BA4-5444-4940-9BF8-869E06EDC215}.Debug|x64.Build.0 = Debug|Any CPU
		{3C9C1BA4-5444-4940-9BF8-869E06EDC215}.Debug|x86.ActiveCfg = Debug|Any CPU
		{3C9C1BA4-5444-4940-9BF8-869E06EDC215}.Debug|x86.Build.0 = Debug|Any CPU
		{3C9C1BA4-5444-4940-9BF8-869E06EDC215}.Release|Any CPU.ActiveCfg = Release|Any CPU
		{3C9C1BA4-5444-4940-9BF8-869E06EDC215}.Release|Any CPU.Build.0 = Release|Any CPU
		{3C9C1BA4-5444-4940-9BF8-869E06EDC215}.Release|x64.ActiveCfg = Release|Any CPU
		{3C9C1BA4-5444-4940-9BF8-869E06EDC215}.Release|x64.Build.0 = Release|Any CPU
		{3C9C1BA4-5444-4940-9BF8-869E06EDC215}.Release|x86.ActiveCfg = Release|Any CPU
		{3C9C1BA4-5444-4940-9BF8-869E06EDC215}.Release|x86.Build.0 = Release|Any CPU
		{DA63445D-47B2-4193-BE69-797B0546950B}.Debug|Any CPU.ActiveCfg = Debug|Any CPU
		{DA63445D-47B2-4193-BE69-797B0546950B}.Debug|Any CPU.Build.0 = Debug|Any CPU
		{DA63445D-47B2-4193-BE69-797B0546950B}.Debug|x64.ActiveCfg = Debug|Any CPU
		{DA63445D-47B2-4193-BE69-797B0546950B}.Debug|x64.Build.0 = Debug|Any CPU
		{DA63445D-47B2-4193-BE69-797B0546950B}.Debug|x86.ActiveCfg = Debug|Any CPU
		{DA63445D-47B2-4193-BE69-797B0546950B}.Debug|x86.Build.0 = Debug|Any CPU
		{DA63445D-47B2-4193-BE69-797B0546950B}.Release|Any CPU.ActiveCfg = Release|Any CPU
		{DA63445D-47B2-4193-BE69-797B0546950B}.Release|Any CPU.Build.0 = Release|Any CPU
		{DA63445D-47B2-4193-BE69-797B0546950B}.Release|x64.ActiveCfg = Release|Any CPU
		{DA63445D-47B2-4193-BE69-797B0546950B}.Release|x64.Build.0 = Release|Any CPU
		{DA63445D-47B2-4193-BE69-797B0546950B}.Release|x86.ActiveCfg = Release|Any CPU
		{DA63445D-47B2-4193-BE69-797B0546950B}.Release|x86.Build.0 = Release|Any CPU
		{963F0FFC-0FFA-4500-BA96-0CC89D2828EC}.Debug|Any CPU.ActiveCfg = Debug|Any CPU
		{963F0FFC-0FFA-4500-BA96-0CC89D2828EC}.Debug|Any CPU.Build.0 = Debug|Any CPU
		{963F0FFC-0FFA-4500-BA96-0CC89D2828EC}.Debug|x64.ActiveCfg = Debug|Any CPU
		{963F0FFC-0FFA-4500-BA96-0CC89D2828EC}.Debug|x64.Build.0 = Debug|Any CPU
		{963F0FFC-0FFA-4500-BA96-0CC89D2828EC}.Debug|x86.ActiveCfg = Debug|Any CPU
		{963F0FFC-0FFA-4500-BA96-0CC89D2828EC}.Debug|x86.Build.0 = Debug|Any CPU
		{963F0FFC-0FFA-4500-BA96-0CC89D2828EC}.Release|Any CPU.ActiveCfg = Release|Any CPU
		{963F0FFC-0FFA-4500-BA96-0CC89D2828EC}.Release|Any CPU.Build.0 = Release|Any CPU
		{963F0FFC-0FFA-4500-BA96-0CC89D2828EC}.Release|x64.ActiveCfg = Release|Any CPU
		{963F0FFC-0FFA-4500-BA96-0CC89D2828EC}.Release|x64.Build.0 = Release|Any CPU
		{963F0FFC-0FFA-4500-BA96-0CC89D2828EC}.Release|x86.ActiveCfg = Release|Any CPU
		{963F0FFC-0FFA-4500-BA96-0CC89D2828EC}.Release|x86.Build.0 = Release|Any CPU
	EndGlobalSection
	GlobalSection(SolutionProperties) = preSolution
		HideSolutionNode = FALSE
	EndGlobalSection
	GlobalSection(NestedProjects) = preSolution
		{7F6ED814-8437-4603-8673-E1FC8DF957C0} = {827E0CD3-B72D-47B6-A68D-7590B98EB39B}
		{38D04731-0E59-46DE-AA37-EEF83B6E44A9} = {827E0CD3-B72D-47B6-A68D-7590B98EB39B}
		{3C9C1BA4-5444-4940-9BF8-869E06EDC215} = {827E0CD3-B72D-47B6-A68D-7590B98EB39B}
		{DA63445D-47B2-4193-BE69-797B0546950B} = {0AB3BF05-4346-4AA6-1389-037BE0695223}
		{963F0FFC-0FFA-4500-BA96-0CC89D2828EC} = {827E0CD3-B72D-47B6-A68D-7590B98EB39B}
	EndGlobalSection
EndGlobal
